
Microsoft Visual Studio Solution File, Format Version 12.00
# Visual Studio Version 16
VisualStudioVersion = 16.0.31328.270
MinimumVisualStudioVersion = 10.0.40219.1
Project("{FAE04EC0-301F-11D3-BF4B-00C04F79EFBC}") = "demojenkins", "demojenkins\demojenkins.csproj", "{7D65A5A5-954E-40F0-85F3-10B8181A745F}"
EndProject
Global
	GlobalSection(SolutionConfigurationPlatforms) = preSolution
		Debug|Any CPU = Debug|Any CPU
		Release|Any CPU = Release|Any CPU
	EndGlobalSection
	GlobalSection(ProjectConfigurationPlatforms) = postSolution
		{7D65A5A5-954E-40F0-85F3-10B8181A745F}.Debug|Any CPU.ActiveCfg = Debug|Any CPU
		{7D65A5A5-954E-40F0-85F3-10B8181A745F}.Debug|Any CPU.Build.0 = Debug|Any CPU
		{7D65A5A5-954E-40F0-85F3-10B8181A745F}.Release|Any CPU.ActiveCfg = Release|Any CPU
		{7D65A5A5-954E-40F0-85F3-10B8181A745F}.Release|Any CPU.Build.0 = Release|Any CPU
	EndGlobalSection
	GlobalSection(SolutionProperties) = preSolution
		HideSolutionNode = FALSE
	EndGlobalSection
	GlobalSection(ExtensibilityGlobals) = postSolution
		SolutionGuid = {95C421BA-858F-4F82-8B7C-BA410C6AD0FF}
	EndGlobalSection
EndGlobal
